// !$*UTF8*$!
{
	archiveVersion = 1;
	classes = {
	};
	objectVersion = 46;
	objects = {

/* Begin PBXBuildFile section */
		188B2BAA1BC01B1A004C681A /* main.m in Sources */ = {isa = PBXBuildFile; fileRef = 188B2BA91BC01B1A004C681A /* main.m */; };
		188B2BAD1BC01B1A004C681A /* AppDelegate.m in Sources */ = {isa = PBXBuildFile; fileRef = 188B2BAC1BC01B1A004C681A /* AppDelegate.m */; };
		188B2BB01BC01B1A004C681A /* ViewController.m in Sources */ = {isa = PBXBuildFile; fileRef = 188B2BAF1BC01B1A004C681A /* ViewController.m */; };
		188B2BB31BC01B1A004C681A /* Main.storyboard in Resources */ = {isa = PBXBuildFile; fileRef = 188B2BB11BC01B1A004C681A /* Main.storyboard */; };
		188B2BB51BC01B1A004C681A /* Assets.xcassets in Resources */ = {isa = PBXBuildFile; fileRef = 188B2BB41BC01B1A004C681A /* Assets.xcassets */; };
		188B2BB81BC01B1A004C681A /* LaunchScreen.storyboard in Resources */ = {isa = PBXBuildFile; fileRef = 188B2BB61BC01B1A004C681A /* LaunchScreen.storyboard */; };
		188B2BC31BC01B1A004C681A /* ____Tests.m in Sources */ = {isa = PBXBuildFile; fileRef = 188B2BC21BC01B1A004C681A /* ____Tests.m */; };
		188B2BCE1BC01B1A004C681A /* ____UITests.m in Sources */ = {isa = PBXBuildFile; fileRef = 188B2BCD1BC01B1A004C681A /* ____UITests.m */; };
/* End PBXBuildFile section */

/* Begin PBXContainerItemProxy section */
		188B2BBF1BC01B1A004C681A /* PBXContainerItemProxy */ = {
			isa = PBXContainerItemProxy;
			containerPortal = 188B2B9D1BC01B1A004C681A /* Project object */;
			proxyType = 1;
			remoteGlobalIDString = 188B2BA41BC01B1A004C681A;
			remoteInfo = "地区编码";
		};
		188B2BCA1BC01B1A004C681A /* PBXContainerItemProxy */ = {
			isa = PBXContainerItemProxy;
			containerPortal = 188B2B9D1BC01B1A004C681A /* Project object */;
			proxyType = 1;
			remoteGlobalIDString = 188B2BA41BC01B1A004C681A;
			remoteInfo = "地区编码";
		};
/* End PBXContainerItemProxy section */

/* Begin PBXFileReference section */
		188B2BA51BC01B1A004C681A /* 地区编码.app */ = {isa = PBXFileReference; explicitFileType = wrapper.application; includeInIndex = 0; path = "地区编码.app"; sourceTree = BUILT_PRODUCTS_DIR; };
		188B2BA91BC01B1A004C681A /* main.m */ = {isa = PBXFileReference; lastKnownFileType = sourcecode.c.objc; path = main.m; sourceTree = "<group>"; };
		188B2BAB1BC01B1A004C681A /* AppDelegate.h */ = {isa = PBXFileReference; lastKnownFileType = sourcecode.c.h; path = AppDelegate.h; sourceTree = "<group>"; };
		188B2BAC1BC01B1A004C681A /* AppDelegate.m */ = {isa = PBXFileReference; lastKnownFileType = sourcecode.c.objc; path = AppDelegate.m; sourceTree = "<group>"; };
		188B2BAE1BC01B1A004C681A /* ViewController.h */ = {isa = PBXFileReference; lastKnownFileType = sourcecode.c.h; path = ViewController.h; sourceTree = "<group>"; };
		188B2BAF1BC01B1A004C681A /* ViewController.m */ = {isa = PBXFileReference; lastKnownFileType = sourcecode.c.objc; path = ViewController.m; sourceTree = "<group>"; };
		188B2BB21BC01B1A004C681A /* Base */ = {isa = PBXFileReference; lastKnownFileType = file.storyboard; name = Base; path = Base.lproj/Main.storyboard; sourceTree = "<group>"; };
		188B2BB41BC01B1A004C681A /* Assets.xcassets */ = {isa = PBXFileReference; lastKnownFileType = folder.assetcatalog; path = Assets.xcassets; sourceTree = "<group>"; };
		188B2BB71BC01B1A004C681A /* Base */ = {isa = PBXFileReference; lastKnownFileType = file.storyboard; name = Base; path = Base.lproj/LaunchScreen.storyboard; sourceTree = "<group>"; };
		188B2BB91BC01B1A004C681A /* Info.plist */ = {isa = PBXFileReference; lastKnownFileType = text.plist.xml; path = Info.plist; sourceTree = "<group>"; };
		188B2BBE1BC01B1A004C681A /* 地区编码Tests.xctest */ = {isa = PBXFileReference; explicitFileType = wrapper.cfbundle; includeInIndex = 0; path = "地区编码Tests.xctest"; sourceTree = BUILT_PRODUCTS_DIR; };
		188B2BC21BC01B1A004C681A /* ____Tests.m */ = {isa = PBXFileReference; lastKnownFileType = sourcecode.c.objc; path = "____Tests.m"; sourceTree = "<group>"; };
		188B2BC41BC01B1A004C681A /* Info.plist */ = {isa = PBXFileReference; lastKnownFileType = text.plist.xml; path = Info.plist; sourceTree = "<group>"; };
		188B2BC91BC01B1A004C681A /* 地区编码UITests.xctest */ = {isa = PBXFileReference; explicitFileType = wrapper.cfbundle; includeInIndex = 0; path = "地区编码UITests.xctest"; sourceTree = BUILT_PRODUCTS_DIR; };
		188B2BCD1BC01B1A004C681A /* ____UITests.m */ = {isa = PBXFileReference; lastKnownFileType = sourcecode.c.objc; path = "____UITests.m"; sourceTree = "<group>"; };
		188B2BCF1BC01B1A004C681A /* Info.plist */ = {isa = PBXFileReference; lastKnownFileType = text.plist.xml; path = Info.plist; sourceTree = "<group>"; };
/* End PBXFileReference section */

/* Begin PBXFrameworksBuildPhase section */
		188B2BA21BC01B1A004C681A /* Frameworks */ = {
			isa = PBXFrameworksBuildPhase;
			buildActionMask = 2147483647;
			files = (
			);
			runOnlyForDeploymentPostprocessing = 0;
		};
		188B2BBB1BC01B1A004C681A /* Frameworks */ = {
			isa = PBXFrameworksBuildPhase;
			buildActionMask = 2147483647;
			files = (
			);
			runOnlyForDeploymentPostprocessing = 0;
		};
		188B2BC61BC01B1A004C681A /* Frameworks */ = {
			isa = PBXFrameworksBuildPhase;
			buildActionMask = 2147483647;
			files = (
			);
			runOnlyForDeploymentPostprocessing = 0;
		};
/* End PBXFrameworksBuildPhase section */

/* Begin PBXGroup section */
		188B2B9C1BC01B1A004C681A = {
			isa = PBXGroup;
			children = (
				188B2BA71BC01B1A004C681A /* 地区编码 */,
				188B2BC11BC01B1A004C681A /* 地区编码Tests */,
				188B2BCC1BC01B1A004C681A /* 地区编码UITests */,
				188B2BA61BC01B1A004C681A /* Products */,
			);
			sourceTree = "<group>";
		};
		188B2BA61BC01B1A004C681A /* Products */ = {
			isa = PBXGroup;
			children = (
				188B2BA51BC01B1A004C681A /* 地区编码.app */,
				188B2BBE1BC01B1A004C681A /* 地区编码Tests.xctest */,
				188B2BC91BC01B1A004C681A /* 地区编码UITests.xctest */,
			);
			name = Products;
			sourceTree = "<group>";
		};
		188B2BA71BC01B1A004C681A /* 地区编码 */ = {
			isa = PBXGroup;
			children = (
				188B2BAB1BC01B1A004C681A /* AppDelegate.h */,
				188B2BAC1BC01B1A004C681A /* AppDelegate.m */,
				188B2BAE1BC01B1A004C681A /* ViewController.h */,
				188B2BAF1BC01B1A004C681A /* ViewController.m */,
				188B2BB11BC01B1A004C681A /* Main.storyboard */,
				188B2BB41BC01B1A004C681A /* Assets.xcassets */,
				188B2BB61BC01B1A004C681A /* LaunchScreen.storyboard */,
				188B2BB91BC01B1A004C681A /* Info.plist */,
				188B2BA81BC01B1A004C681A /* Supporting Files */,
			);
			path = "地区编码";
			sourceTree = "<group>";
		};
		188B2BA81BC01B1A004C681A /* Supporting Files */ = {
			isa = PBXGroup;
			children = (
				188B2BA91BC01B1A004C681A /* main.m */,
			);
			name = "Supporting Files";
			sourceTree = "<group>";
		};
		188B2BC11BC01B1A004C681A /* 地区编码Tests */ = {
			isa = PBXGroup;
			children = (
				188B2BC21BC01B1A004C681A /* ____Tests.m */,
				188B2BC41BC01B1A004C681A /* Info.plist */,
			);
			path = "地区编码Tests";
			sourceTree = "<group>";
		};
		188B2BCC1BC01B1A004C681A /* 地区编码UITests */ = {
			isa = PBXGroup;
			children = (
				188B2BCD1BC01B1A004C681A /* ____UITests.m */,
				188B2BCF1BC01B1A004C681A /* Info.plist */,
			);
			path = "地区编码UITests";
			sourceTree = "<group>";
		};
/* End PBXGroup section */

/* Begin PBXNativeTarget section */
		188B2BA41BC01B1A004C681A /* 地区编码 */ = {
			isa = PBXNativeTarget;
			buildConfigurationList = 188B2BD21BC01B1A004C681A /* Build configuration list for PBXNativeTarget "地区编码" */;
			buildPhases = (
				188B2BA11BC01B1A004C681A /* Sources */,
				188B2BA21BC01B1A004C681A /* Frameworks */,
				188B2BA31BC01B1A004C681A /* Resources */,
			);
			buildRules = (
			);
			dependencies = (
			);
			name = "地区编码";
			productName = "地区编码";
			productReference = 188B2BA51BC01B1A004C681A /* 地区编码.app */;
			productType = "com.apple.product-type.application";
		};
		188B2BBD1BC01B1A004C681A /* 地区编码Tests */ = {
			isa = PBXNativeTarget;
			buildConfigurationList = 188B2BD51BC01B1A004C681A /* Build configuration list for PBXNativeTarget "地区编码Tests" */;
			buildPhases = (
				188B2BBA1BC01B1A004C681A /* Sources */,
				188B2BBB1BC01B1A004C681A /* Frameworks */,
				188B2BBC1BC01B1A004C681A /* Resources */,
			);
			buildRules = (
			);
			dependencies = (
				188B2BC01BC01B1A004C681A /* PBXTargetDependency */,
			);
			name = "地区编码Tests";
			productName = "地区编码Tests";
			productReference = 188B2BBE1BC01B1A004C681A /* 地区编码Tests.xctest */;
			productType = "com.apple.product-type.bundle.unit-test";
		};
		188B2BC81BC01B1A004C681A /* 地区编码UITests */ = {
			isa = PBXNativeTarget;
			buildConfigurationList = 188B2BD81BC01B1A004C681A /* Build configuration list for PBXNativeTarget "地区编码UITests" */;
			buildPhases = (
				188B2BC51BC01B1A004C681A /* Sources */,
				188B2BC61BC01B1A004C681A /* Frameworks */,
				188B2BC71BC01B1A004C681A /* Resources */,
			);
			buildRules = (
			);
			dependencies = (
				188B2BCB1BC01B1A004C681A /* PBXTargetDependency */,
			);
			name = "地区编码UITests";
			productName = "地区编码UITests";
			productReference = 188B2BC91BC01B1A004C681A /* 地区编码UITests.xctest */;
			productType = "com.apple.product-type.bundle.ui-testing";
		};
/* End PBXNativeTarget section */

/* Begin PBXProject section */
		188B2B9D1BC01B1A004C681A /* Project object */ = {
			isa = PBXProject;
			attributes = {
				LastUpgradeCheck = 0700;
				ORGANIZATIONNAME = DF;
				TargetAttributes = {
					188B2BA41BC01B1A004C681A = {
						CreatedOnToolsVersion = 7.0.1;
					};
					188B2BBD1BC01B1A004C681A = {
						CreatedOnToolsVersion = 7.0.1;
						TestTargetID = 188B2BA41BC01B1A004C681A;
					};
					188B2BC81BC01B1A004C681A = {
						CreatedOnToolsVersion = 7.0.1;
						TestTargetID = 188B2BA41BC01B1A004C681A;
					};
				};
			};
			buildConfigurationList = 188B2BA01BC01B1A004C681A /* Build configuration list for PBXProject "地区编码" */;
			compatibilityVersion = "Xcode 3.2";
			developmentRegion = English;
			hasScannedForEncodings = 0;
			knownRegions = (
				en,
				Base,
			);
			mainGroup = 188B2B9C1BC01B1A004C681A;
			productRefGroup = 188B2BA61BC01B1A004C681A /* Products */;
			projectDirPath = "";
			projectRoot = "";
			targets = (
				188B2BA41BC01B1A004C681A /* 地区编码 */,
				188B2BBD1BC01B1A004C681A /* 地区编码Tests */,
				188B2BC81BC01B1A004C681A /* 地区编码UITests */,
			);
		};
/* End PBXProject section */

/* Begin PBXResourcesBuildPhase section */
		188B2BA31BC01B1A004C681A /* Resources */ = {
			isa = PBXResourcesBuildPhase;
			buildActionMask = 2147483647;
			files = (
				188B2BB81BC01B1A004C681A /* LaunchScreen.storyboard in Resources */,
				188B2BB51BC01B1A004C681A /* Assets.xcassets in Resources */,
				188B2BB31BC01B1A004C681A /* Main.storyboard in Resources */,
			);
			runOnlyForDeploymentPostprocessing = 0;
		};
		188B2BBC1BC01B1A004C681A /* Resources */ = {
			isa = PBXResourcesBuildPhase;
			buildActionMask = 2147483647;
			files = (
			);
			runOnlyForDeploymentPostprocessing = 0;
		};
		188B2BC71BC01B1A004C681A /* Resources */ = {
			isa = PBXResourcesBuildPhase;
			buildActionMask = 2147483647;
			files = (
			);
			runOnlyForDeploymentPostprocessing = 0;
		};
/* End PBXResourcesBuildPhase section */

/* Begin PBXSourcesBuildPhase section */
		188B2BA11BC01B1A004C681A /* Sources */ = {
			isa = PBXSourcesBuildPhase;
			buildActionMask = 2147483647;
			files = (
				188B2BB01BC01B1A004C681A /* ViewController.m in Sources */,
				188B2BAD1BC01B1A004C681A /* AppDelegate.m in Sources */,
				188B2BAA1BC01B1A004C681A /* main.m in Sources */,
			);
			runOnlyForDeploymentPostprocessing = 0;
		};
		188B2BBA1BC01B1A004C681A /* Sources */ = {
			isa = PBXSourcesBuildPhase;
			buildActionMask = 2147483647;
			files = (
				188B2BC31BC01B1A004C681A /* ____Tests.m in Sources */,
			);
			runOnlyForDeploymentPostprocessing = 0;
		};
		188B2BC51BC01B1A004C681A /* Sources */ = {
			isa = PBXSourcesBuildPhase;
			buildActionMask = 2147483647;
			files = (
				188B2BCE1BC01B1A004C681A /* ____UITests.m in Sources */,
			);
			runOnlyForDeploymentPostprocessing = 0;
		};
/* End PBXSourcesBuildPhase section */

/* Begin PBXTargetDependency section */
		188B2BC01BC01B1A004C681A /* PBXTargetDependency */ = {
			isa = PBXTargetDependency;
			target = 188B2BA41BC01B1A004C681A /* 地区编码 */;
			targetProxy = 188B2BBF1BC01B1A004C681A /* PBXContainerItemProxy */;
		};
		188B2BCB1BC01B1A004C681A /* PBXTargetDependency */ = {
			isa = PBXTargetDependency;
			target = 188B2BA41BC01B1A004C681A /* 地区编码 */;
			targetProxy = 188B2BCA1BC01B1A004C681A /* PBXContainerItemProxy */;
		};
/* End PBXTargetDependency section */

/* Begin PBXVariantGroup section */
		188B2BB11BC01B1A004C681A /* Main.storyboard */ = {
			isa = PBXVariantGroup;
			children = (
				188B2BB21BC01B1A004C681A /* Base */,
			);
			name = Main.storyboard;
			sourceTree = "<group>";
		};
		188B2BB61BC01B1A004C681A /* LaunchScreen.storyboard */ = {
			isa = PBXVariantGroup;
			children = (
				188B2BB71BC01B1A004C681A /* Base */,
			);
			name = LaunchScreen.storyboard;
			sourceTree = "<group>";
		};
/* End PBXVariantGroup section */

/* Begin XCBuildConfiguration section */
		188B2BD01BC01B1A004C681A /* Debug */ = {
			isa = XCBuildConfiguration;
			buildSettings = {
				ALWAYS_SEARCH_USER_PATHS = NO;
				CLANG_CXX_LANGUAGE_STANDARD = "gnu++0x";
				CLANG_CXX_LIBRARY = "libc++";
				CLANG_ENABLE_MODULES = YES;
				CLANG_ENABLE_OBJC_ARC = YES;
				CLANG_WARN_BOOL_CONVERSION = YES;
				CLANG_WARN_CONSTANT_CONVERSION = YES;
				CLANG_WARN_DIRECT_OBJC_ISA_USAGE = YES_ERROR;
				CLANG_WARN_EMPTY_BODY = YES;
				CLANG_WARN_ENUM_CONVERSION = YES;
				CLANG_WARN_INT_CONVERSION = YES;
				CLANG_WARN_OBJC_ROOT_CLASS = YES_ERROR;
				CLANG_WARN_UNREACHABLE_CODE = YES;
				CLANG_WARN__DUPLICATE_METHOD_MATCH = YES;
				"CODE_SIGN_IDENTITY[sdk=iphoneos*]" = "iPhone Developer";
				COPY_PHASE_STRIP = NO;
				DEBUG_INFORMATION_FORMAT = dwarf;
				ENABLE_STRICT_OBJC_MSGSEND = YES;
				ENABLE_TESTABILITY = YES;
				GCC_C_LANGUAGE_STANDARD = gnu99;
				GCC_DYNAMIC_NO_PIC = NO;
				GCC_NO_COMMON_BLOCKS = YES;
				GCC_OPTIMIZATION_LEVEL = 0;
				GCC_PREPROCESSOR_DEFINITIONS = (
					"DEBUG=1",
					"$(inherited)",
				);
				GCC_WARN_64_TO_32_BIT_CONVERSION = YES;
				GCC_WARN_ABOUT_RETURN_TYPE = YES_ERROR;
				GCC_WARN_UNDECLARED_SELECTOR = YES;
				GCC_WARN_UNINITIALIZED_AUTOS = YES_AGGRESSIVE;
				GCC_WARN_UNUSED_FUNCTION = YES;
				GCC_WARN_UNUSED_VARIABLE = YES;
				IPHONEOS_DEPLOYMENT_TARGET = 9.0;
				MTL_ENABLE_DEBUG_INFO = YES;
				ONLY_ACTIVE_ARCH = YES;
				SDKROOT = iphoneos;
			};
			name = Debug;
		};
		188B2BD11BC01B1A004C681A /* Release */ = {
			isa = XCBuildConfiguration;
			buildSettings = {
				ALWAYS_SEARCH_USER_PATHS = NO;
				CLANG_CXX_LANGUAGE_STANDARD = "gnu++0x";
				CLANG_CXX_LIBRARY = "libc++";
				CLANG_ENABLE_MODULES = YES;
				CLANG_ENABLE_OBJC_ARC = YES;
				CLANG_WARN_BOOL_CONVERSION = YES;
				CLANG_WARN_CONSTANT_CONVERSION = YES;
				CLANG_WARN_DIRECT_OBJC_ISA_USAGE = YES_ERROR;
				CLANG_WARN_EMPTY_BODY = YES;
				CLANG_WARN_ENUM_CONVERSION = YES;
				CLANG_WARN_INT_CONVERSION = YES;
				CLANG_WARN_OBJC_ROOT_CLASS = YES_ERROR;
				CLANG_WARN_UNREACHABLE_CODE = YES;
				CLANG_WARN__DUPLICATE_METHOD_MATCH = YES;
				"CODE_SIGN_IDENTITY[sdk=iphoneos*]" = "iPhone Developer";
				COPY_PHASE_STRIP = NO;
				DEBUG_INFORMATION_FORMAT = "dwarf-with-dsym";
				ENABLE_NS_ASSERTIONS = NO;
				ENABLE_STRICT_OBJC_MSGSEND = YES;
				GCC_C_LANGUAGE_STANDARD = gnu99;
				GCC_NO_COMMON_BLOCKS = YES;
				GCC_WARN_64_TO_32_BIT_CONVERSION = YES;
				GCC_WARN_ABOUT_RETURN_TYPE = YES_ERROR;
				GCC_WARN_UNDECLARED_SELECTOR = YES;
				GCC_WARN_UNINITIALIZED_AUTOS = YES_AGGRESSIVE;
				GCC_WARN_UNUSED_FUNCTION = YES;
				GCC_WARN_UNUSED_VARIABLE = YES;
				IPHONEOS_DEPLOYMENT_TARGET = 9.0;
				MTL_ENABLE_DEBUG_INFO = NO;
				SDKROOT = iphoneos;
				VALIDATE_PRODUCT = YES;
			};
			name = Release;
		};
		188B2BD31BC01B1A004C681A /* Debug */ = {
			isa = XCBuildConfiguration;
			buildSettings = {
				ASSETCATALOG_COMPILER_APPICON_NAME = AppIcon;
				INFOPLIST_FILE = "地区编码/Info.plist";
				LD_RUNPATH_SEARCH_PATHS = "$(inherited) @executable_path/Frameworks";
				PRODUCT_BUNDLE_IDENTIFIER = "daojiao.com.----";
				PRODUCT_NAME = "$(TARGET_NAME)";
			};
			name = Debug;
		};
		188B2BD41BC01B1A004C681A /* Release */ = {
			isa = XCBuildConfiguration;
			buildSettings = {
				ASSETCATALOG_COMPILER_APPICON_NAME = AppIcon;
				INFOPLIST_FILE = "地区编码/Info.plist";
				LD_RUNPATH_SEARCH_PATHS = "$(inherited) @executable_path/Frameworks";
				PRODUCT_BUNDLE_IDENTIFIER = "daojiao.com.----";
				PRODUCT_NAME = "$(TARGET_NAME)";
			};
			name = Release;
		};
		188B2BD61BC01B1A004C681A /* Debug */ = {
			isa = XCBuildConfiguration;
			buildSettings = {
				BUNDLE_LOADER = "$(TEST_HOST)";
				INFOPLIST_FILE = "地区编码Tests/Info.plist";
				LD_RUNPATH_SEARCH_PATHS = "$(inherited) @executable_path/Frameworks @loader_path/Frameworks";
				PRODUCT_BUNDLE_IDENTIFIER = "daojiao.com.----Tests";
				PRODUCT_NAME = "$(TARGET_NAME)";
				TEST_HOST = "$(BUILT_PRODUCTS_DIR)/地区编码.app/地区编码";
			};
			name = Debug;
		};
		188B2BD71BC01B1A004C681A /* Release */ = {
			isa = XCBuildConfiguration;
			buildSettings = {
				BUNDLE_LOADER = "$(TEST_HOST)";
				INFOPLIST_FILE = "地区编码Tests/Info.plist";
				LD_RUNPATH_SEARCH_PATHS = "$(inherited) @executable_path/Frameworks @loader_path/Frameworks";
				PRODUCT_BUNDLE_IDENTIFIER = "daojiao.com.----Tests";
				PRODUCT_NAME = "$(TARGET_NAME)";
				TEST_HOST = "$(BUILT_PRODUCTS_DIR)/地区编码.app/地区编码";
			};
			name = Release;
		};
		188B2BD91BC01B1A004C681A /* Debug */ = {
			isa = XCBuildConfiguration;
			buildSettings = {
				INFOPLIST_FILE = "地区编码UITests/Info.plist";
				LD_RUNPATH_SEARCH_PATHS = "$(inherited) @executable_path/Frameworks @loader_path/Frameworks";
				PRODUCT_BUNDLE_IDENTIFIER = "daojiao.com.----UITests";
				PRODUCT_NAME = "$(TARGET_NAME)";
				TEST_TARGET_NAME = "地区编码";
				USES_XCTRUNNER = YES;
			};
			name = Debug;
		};
		188B2BDA1BC01B1A004C681A /* Release */ = {
			isa = XCBuildConfiguration;
			buildSettings = {
				INFOPLIST_FILE = "地区编码UITests/Info.plist";
				LD_RUNPATH_SEARCH_PATHS = "$(inherited) @executable_path/Frameworks @loader_path/Frameworks";
				PRODUCT_BUNDLE_IDENTIFIER = "daojiao.com.----UITests";
				PRODUCT_NAME = "$(TARGET_NAME)";
				TEST_TARGET_NAME = "地区编码";
				USES_XCTRUNNER = YES;
			};
			name = Release;
		};
/* End XCBuildConfiguration section */

/* Begin XCConfigurationList section */
		188B2BA01BC01B1A004C681A /* Build configuration list for PBXProject "地区编码" */ = {
			isa = XCConfigurationList;
			buildConfigurations = (
				188B2BD01BC01B1A004C681A /* Debug */,
				188B2BD11BC01B1A004C681A /* Release */,
			);
			defaultConfigurationIsVisible = 0;
			defaultConfigurationName = Release;
		};
		188B2BD21BC01B1A004C681A /* Build configuration list for PBXNativeTarget "地区编码" */ = {
			isa = XCConfigurationList;
			buildConfigurations = (
				188B2BD31BC01B1A004C681A /* Debug */,
				188B2BD41BC01B1A004C681A /* Release */,
			);
			defaultConfigurationIsVisible = 0;
		};
		188B2BD51BC01B1A004C681A /* Build configuration list for PBXNativeTarget "地区编码Tests" */ = {
			isa = XCConfigurationList;
			buildConfigurations = (
				188B2BD61BC01B1A004C681A /* Debug */,
				188B2BD71BC01B1A004C681A /* Release */,
			);
			defaultConfigurationIsVisible = 0;
		};
		188B2BD81BC01B1A004C681A /* Build configuration list for PBXNativeTarget "地区编码UITests" */ = {
			isa = XCConfigurationList;
			buildConfigurations = (
				188B2BD91BC01B1A004C681A /* Debug */,
				188B2BDA1BC01B1A004C681A /* Release */,
			);
			defaultConfigurationIsVisible = 0;
		};
/* End XCConfigurationList section */
	};
	rootObject = 188B2B9D1BC01B1A004C681A /* Project object */;
}
