// !$*UTF8*$!
{
	archiveVersion = 1;
	classes = {
	};
	objectVersion = 46;
	objects = {

/* Begin PBXBuildFile section */
		18A765081BC2918800C64420 /* main.m in Sources */ = {isa = PBXBuildFile; fileRef = 18A765071BC2918800C64420 /* main.m */; };
		18A7650B1BC2918800C64420 /* AppDelegate.m in Sources */ = {isa = PBXBuildFile; fileRef = 18A7650A1BC2918800C64420 /* AppDelegate.m */; };
		18A7650E1BC2918800C64420 /* ViewController.m in Sources */ = {isa = PBXBuildFile; fileRef = 18A7650D1BC2918800C64420 /* ViewController.m */; };
		18A765111BC2918800C64420 /* Main.storyboard in Resources */ = {isa = PBXBuildFile; fileRef = 18A7650F1BC2918800C64420 /* Main.storyboard */; };
		18A765131BC2918800C64420 /* Assets.xcassets in Resources */ = {isa = PBXBuildFile; fileRef = 18A765121BC2918800C64420 /* Assets.xcassets */; };
		18A765161BC2918800C64420 /* LaunchScreen.storyboard in Resources */ = {isa = PBXBuildFile; fileRef = 18A765141BC2918800C64420 /* LaunchScreen.storyboard */; };
		18A765211BC2918800C64420 /* ____Tests.m in Sources */ = {isa = PBXBuildFile; fileRef = 18A765201BC2918800C64420 /* ____Tests.m */; };
		18A7652C1BC2918800C64420 /* ____UITests.m in Sources */ = {isa = PBXBuildFile; fileRef = 18A7652B1BC2918800C64420 /* ____UITests.m */; };
/* End PBXBuildFile section */

/* Begin PBXContainerItemProxy section */
		18A7651D1BC2918800C64420 /* PBXContainerItemProxy */ = {
			isa = PBXContainerItemProxy;
			containerPortal = 18A764FB1BC2918800C64420 /* Project object */;
			proxyType = 1;
			remoteGlobalIDString = 18A765021BC2918800C64420;
			remoteInfo = "屏幕适配";
		};
		18A765281BC2918800C64420 /* PBXContainerItemProxy */ = {
			isa = PBXContainerItemProxy;
			containerPortal = 18A764FB1BC2918800C64420 /* Project object */;
			proxyType = 1;
			remoteGlobalIDString = 18A765021BC2918800C64420;
			remoteInfo = "屏幕适配";
		};
/* End PBXContainerItemProxy section */

/* Begin PBXFileReference section */
		18A765031BC2918800C64420 /* 屏幕适配.app */ = {isa = PBXFileReference; explicitFileType = wrapper.application; includeInIndex = 0; path = "屏幕适配.app"; sourceTree = BUILT_PRODUCTS_DIR; };
		18A765071BC2918800C64420 /* main.m */ = {isa = PBXFileReference; lastKnownFileType = sourcecode.c.objc; path = main.m; sourceTree = "<group>"; };
		18A765091BC2918800C64420 /* AppDelegate.h */ = {isa = PBXFileReference; lastKnownFileType = sourcecode.c.h; path = AppDelegate.h; sourceTree = "<group>"; };
		18A7650A1BC2918800C64420 /* AppDelegate.m */ = {isa = PBXFileReference; lastKnownFileType = sourcecode.c.objc; path = AppDelegate.m; sourceTree = "<group>"; };
		18A7650C1BC2918800C64420 /* ViewController.h */ = {isa = PBXFileReference; lastKnownFileType = sourcecode.c.h; path = ViewController.h; sourceTree = "<group>"; };
		18A7650D1BC2918800C64420 /* ViewController.m */ = {isa = PBXFileReference; lastKnownFileType = sourcecode.c.objc; path = ViewController.m; sourceTree = "<group>"; };
		18A765101BC2918800C64420 /* Base */ = {isa = PBXFileReference; lastKnownFileType = file.storyboard; name = Base; path = Base.lproj/Main.storyboard; sourceTree = "<group>"; };
		18A765121BC2918800C64420 /* Assets.xcassets */ = {isa = PBXFileReference; lastKnownFileType = folder.assetcatalog; path = Assets.xcassets; sourceTree = "<group>"; };
		18A765151BC2918800C64420 /* Base */ = {isa = PBXFileReference; lastKnownFileType = file.storyboard; name = Base; path = Base.lproj/LaunchScreen.storyboard; sourceTree = "<group>"; };
		18A765171BC2918800C64420 /* Info.plist */ = {isa = PBXFileReference; lastKnownFileType = text.plist.xml; path = Info.plist; sourceTree = "<group>"; };
		18A7651C1BC2918800C64420 /* 屏幕适配Tests.xctest */ = {isa = PBXFileReference; explicitFileType = wrapper.cfbundle; includeInIndex = 0; path = "屏幕适配Tests.xctest"; sourceTree = BUILT_PRODUCTS_DIR; };
		18A765201BC2918800C64420 /* ____Tests.m */ = {isa = PBXFileReference; lastKnownFileType = sourcecode.c.objc; path = "____Tests.m"; sourceTree = "<group>"; };
		18A765221BC2918800C64420 /* Info.plist */ = {isa = PBXFileReference; lastKnownFileType = text.plist.xml; path = Info.plist; sourceTree = "<group>"; };
		18A765271BC2918800C64420 /* 屏幕适配UITests.xctest */ = {isa = PBXFileReference; explicitFileType = wrapper.cfbundle; includeInIndex = 0; path = "屏幕适配UITests.xctest"; sourceTree = BUILT_PRODUCTS_DIR; };
		18A7652B1BC2918800C64420 /* ____UITests.m */ = {isa = PBXFileReference; lastKnownFileType = sourcecode.c.objc; path = "____UITests.m"; sourceTree = "<group>"; };
		18A7652D1BC2918800C64420 /* Info.plist */ = {isa = PBXFileReference; lastKnownFileType = text.plist.xml; path = Info.plist; sourceTree = "<group>"; };
/* End PBXFileReference section */

/* Begin PBXFrameworksBuildPhase section */
		18A765001BC2918800C64420 /* Frameworks */ = {
			isa = PBXFrameworksBuildPhase;
			buildActionMask = 2147483647;
			files = (
			);
			runOnlyForDeploymentPostprocessing = 0;
		};
		18A765191BC2918800C64420 /* Frameworks */ = {
			isa = PBXFrameworksBuildPhase;
			buildActionMask = 2147483647;
			files = (
			);
			runOnlyForDeploymentPostprocessing = 0;
		};
		18A765241BC2918800C64420 /* Frameworks */ = {
			isa = PBXFrameworksBuildPhase;
			buildActionMask = 2147483647;
			files = (
			);
			runOnlyForDeploymentPostprocessing = 0;
		};
/* End PBXFrameworksBuildPhase section */

/* Begin PBXGroup section */
		18A764FA1BC2918800C64420 = {
			isa = PBXGroup;
			children = (
				18A765051BC2918800C64420 /* 屏幕适配 */,
				18A7651F1BC2918800C64420 /* 屏幕适配Tests */,
				18A7652A1BC2918800C64420 /* 屏幕适配UITests */,
				18A765041BC2918800C64420 /* Products */,
			);
			sourceTree = "<group>";
		};
		18A765041BC2918800C64420 /* Products */ = {
			isa = PBXGroup;
			children = (
				18A765031BC2918800C64420 /* 屏幕适配.app */,
				18A7651C1BC2918800C64420 /* 屏幕适配Tests.xctest */,
				18A765271BC2918800C64420 /* 屏幕适配UITests.xctest */,
			);
			name = Products;
			sourceTree = "<group>";
		};
		18A765051BC2918800C64420 /* 屏幕适配 */ = {
			isa = PBXGroup;
			children = (
				18A765091BC2918800C64420 /* AppDelegate.h */,
				18A7650A1BC2918800C64420 /* AppDelegate.m */,
				18A7650C1BC2918800C64420 /* ViewController.h */,
				18A7650D1BC2918800C64420 /* ViewController.m */,
				18A7650F1BC2918800C64420 /* Main.storyboard */,
				18A765121BC2918800C64420 /* Assets.xcassets */,
				18A765141BC2918800C64420 /* LaunchScreen.storyboard */,
				18A765171BC2918800C64420 /* Info.plist */,
				18A765061BC2918800C64420 /* Supporting Files */,
			);
			path = "屏幕适配";
			sourceTree = "<group>";
		};
		18A765061BC2918800C64420 /* Supporting Files */ = {
			isa = PBXGroup;
			children = (
				18A765071BC2918800C64420 /* main.m */,
			);
			name = "Supporting Files";
			sourceTree = "<group>";
		};
		18A7651F1BC2918800C64420 /* 屏幕适配Tests */ = {
			isa = PBXGroup;
			children = (
				18A765201BC2918800C64420 /* ____Tests.m */,
				18A765221BC2918800C64420 /* Info.plist */,
			);
			path = "屏幕适配Tests";
			sourceTree = "<group>";
		};
		18A7652A1BC2918800C64420 /* 屏幕适配UITests */ = {
			isa = PBXGroup;
			children = (
				18A7652B1BC2918800C64420 /* ____UITests.m */,
				18A7652D1BC2918800C64420 /* Info.plist */,
			);
			path = "屏幕适配UITests";
			sourceTree = "<group>";
		};
/* End PBXGroup section */

/* Begin PBXNativeTarget section */
		18A765021BC2918800C64420 /* 屏幕适配 */ = {
			isa = PBXNativeTarget;
			buildConfigurationList = 18A765301BC2918800C64420 /* Build configuration list for PBXNativeTarget "屏幕适配" */;
			buildPhases = (
				18A764FF1BC2918800C64420 /* Sources */,
				18A765001BC2918800C64420 /* Frameworks */,
				18A765011BC2918800C64420 /* Resources */,
			);
			buildRules = (
			);
			dependencies = (
			);
			name = "屏幕适配";
			productName = "屏幕适配";
			productReference = 18A765031BC2918800C64420 /* 屏幕适配.app */;
			productType = "com.apple.product-type.application";
		};
		18A7651B1BC2918800C64420 /* 屏幕适配Tests */ = {
			isa = PBXNativeTarget;
			buildConfigurationList = 18A765331BC2918800C64420 /* Build configuration list for PBXNativeTarget "屏幕适配Tests" */;
			buildPhases = (
				18A765181BC2918800C64420 /* Sources */,
				18A765191BC2918800C64420 /* Frameworks */,
				18A7651A1BC2918800C64420 /* Resources */,
			);
			buildRules = (
			);
			dependencies = (
				18A7651E1BC2918800C64420 /* PBXTargetDependency */,
			);
			name = "屏幕适配Tests";
			productName = "屏幕适配Tests";
			productReference = 18A7651C1BC2918800C64420 /* 屏幕适配Tests.xctest */;
			productType = "com.apple.product-type.bundle.unit-test";
		};
		18A765261BC2918800C64420 /* 屏幕适配UITests */ = {
			isa = PBXNativeTarget;
			buildConfigurationList = 18A765361BC2918800C64420 /* Build configuration list for PBXNativeTarget "屏幕适配UITests" */;
			buildPhases = (
				18A765231BC2918800C64420 /* Sources */,
				18A765241BC2918800C64420 /* Frameworks */,
				18A765251BC2918800C64420 /* Resources */,
			);
			buildRules = (
			);
			dependencies = (
				18A765291BC2918800C64420 /* PBXTargetDependency */,
			);
			name = "屏幕适配UITests";
			productName = "屏幕适配UITests";
			productReference = 18A765271BC2918800C64420 /* 屏幕适配UITests.xctest */;
			productType = "com.apple.product-type.bundle.ui-testing";
		};
/* End PBXNativeTarget section */

/* Begin PBXProject section */
		18A764FB1BC2918800C64420 /* Project object */ = {
			isa = PBXProject;
			attributes = {
				LastUpgradeCheck = 0700;
				ORGANIZATIONNAME = DF;
				TargetAttributes = {
					18A765021BC2918800C64420 = {
						CreatedOnToolsVersion = 7.0.1;
					};
					18A7651B1BC2918800C64420 = {
						CreatedOnToolsVersion = 7.0.1;
						TestTargetID = 18A765021BC2918800C64420;
					};
					18A765261BC2918800C64420 = {
						CreatedOnToolsVersion = 7.0.1;
						TestTargetID = 18A765021BC2918800C64420;
					};
				};
			};
			buildConfigurationList = 18A764FE1BC2918800C64420 /* Build configuration list for PBXProject "屏幕适配" */;
			compatibilityVersion = "Xcode 3.2";
			developmentRegion = English;
			hasScannedForEncodings = 0;
			knownRegions = (
				en,
				Base,
			);
			mainGroup = 18A764FA1BC2918800C64420;
			productRefGroup = 18A765041BC2918800C64420 /* Products */;
			projectDirPath = "";
			projectRoot = "";
			targets = (
				18A765021BC2918800C64420 /* 屏幕适配 */,
				18A7651B1BC2918800C64420 /* 屏幕适配Tests */,
				18A765261BC2918800C64420 /* 屏幕适配UITests */,
			);
		};
/* End PBXProject section */

/* Begin PBXResourcesBuildPhase section */
		18A765011BC2918800C64420 /* Resources */ = {
			isa = PBXResourcesBuildPhase;
			buildActionMask = 2147483647;
			files = (
				18A765161BC2918800C64420 /* LaunchScreen.storyboard in Resources */,
				18A765131BC2918800C64420 /* Assets.xcassets in Resources */,
				18A765111BC2918800C64420 /* Main.storyboard in Resources */,
			);
			runOnlyForDeploymentPostprocessing = 0;
		};
		18A7651A1BC2918800C64420 /* Resources */ = {
			isa = PBXResourcesBuildPhase;
			buildActionMask = 2147483647;
			files = (
			);
			runOnlyForDeploymentPostprocessing = 0;
		};
		18A765251BC2918800C64420 /* Resources */ = {
			isa = PBXResourcesBuildPhase;
			buildActionMask = 2147483647;
			files = (
			);
			runOnlyForDeploymentPostprocessing = 0;
		};
/* End PBXResourcesBuildPhase section */

/* Begin PBXSourcesBuildPhase section */
		18A764FF1BC2918800C64420 /* Sources */ = {
			isa = PBXSourcesBuildPhase;
			buildActionMask = 2147483647;
			files = (
				18A7650E1BC2918800C64420 /* ViewController.m in Sources */,
				18A7650B1BC2918800C64420 /* AppDelegate.m in Sources */,
				18A765081BC2918800C64420 /* main.m in Sources */,
			);
			runOnlyForDeploymentPostprocessing = 0;
		};
		18A765181BC2918800C64420 /* Sources */ = {
			isa = PBXSourcesBuildPhase;
			buildActionMask = 2147483647;
			files = (
				18A765211BC2918800C64420 /* ____Tests.m in Sources */,
			);
			runOnlyForDeploymentPostprocessing = 0;
		};
		18A765231BC2918800C64420 /* Sources */ = {
			isa = PBXSourcesBuildPhase;
			buildActionMask = 2147483647;
			files = (
				18A7652C1BC2918800C64420 /* ____UITests.m in Sources */,
			);
			runOnlyForDeploymentPostprocessing = 0;
		};
/* End PBXSourcesBuildPhase section */

/* Begin PBXTargetDependency section */
		18A7651E1BC2918800C64420 /* PBXTargetDependency */ = {
			isa = PBXTargetDependency;
			target = 18A765021BC2918800C64420 /* 屏幕适配 */;
			targetProxy = 18A7651D1BC2918800C64420 /* PBXContainerItemProxy */;
		};
		18A765291BC2918800C64420 /* PBXTargetDependency */ = {
			isa = PBXTargetDependency;
			target = 18A765021BC2918800C64420 /* 屏幕适配 */;
			targetProxy = 18A765281BC2918800C64420 /* PBXContainerItemProxy */;
		};
/* End PBXTargetDependency section */

/* Begin PBXVariantGroup section */
		18A7650F1BC2918800C64420 /* Main.storyboard */ = {
			isa = PBXVariantGroup;
			children = (
				18A765101BC2918800C64420 /* Base */,
			);
			name = Main.storyboard;
			sourceTree = "<group>";
		};
		18A765141BC2918800C64420 /* LaunchScreen.storyboard */ = {
			isa = PBXVariantGroup;
			children = (
				18A765151BC2918800C64420 /* Base */,
			);
			name = LaunchScreen.storyboard;
			sourceTree = "<group>";
		};
/* End PBXVariantGroup section */

/* Begin XCBuildConfiguration section */
		18A7652E1BC2918800C64420 /* Debug */ = {
			isa = XCBuildConfiguration;
			buildSettings = {
				ALWAYS_SEARCH_USER_PATHS = NO;
				CLANG_CXX_LANGUAGE_STANDARD = "gnu++0x";
				CLANG_CXX_LIBRARY = "libc++";
				CLANG_ENABLE_MODULES = YES;
				CLANG_ENABLE_OBJC_ARC = YES;
				CLANG_WARN_BOOL_CONVERSION = YES;
				CLANG_WARN_CONSTANT_CONVERSION = YES;
				CLANG_WARN_DIRECT_OBJC_ISA_USAGE = YES_ERROR;
				CLANG_WARN_EMPTY_BODY = YES;
				CLANG_WARN_ENUM_CONVERSION = YES;
				CLANG_WARN_INT_CONVERSION = YES;
				CLANG_WARN_OBJC_ROOT_CLASS = YES_ERROR;
				CLANG_WARN_UNREACHABLE_CODE = YES;
				CLANG_WARN__DUPLICATE_METHOD_MATCH = YES;
				"CODE_SIGN_IDENTITY[sdk=iphoneos*]" = "iPhone Developer";
				COPY_PHASE_STRIP = NO;
				DEBUG_INFORMATION_FORMAT = dwarf;
				ENABLE_STRICT_OBJC_MSGSEND = YES;
				ENABLE_TESTABILITY = YES;
				GCC_C_LANGUAGE_STANDARD = gnu99;
				GCC_DYNAMIC_NO_PIC = NO;
				GCC_NO_COMMON_BLOCKS = YES;
				GCC_OPTIMIZATION_LEVEL = 0;
				GCC_PREPROCESSOR_DEFINITIONS = (
					"DEBUG=1",
					"$(inherited)",
				);
				GCC_WARN_64_TO_32_BIT_CONVERSION = YES;
				GCC_WARN_ABOUT_RETURN_TYPE = YES_ERROR;
				GCC_WARN_UNDECLARED_SELECTOR = YES;
				GCC_WARN_UNINITIALIZED_AUTOS = YES_AGGRESSIVE;
				GCC_WARN_UNUSED_FUNCTION = YES;
				GCC_WARN_UNUSED_VARIABLE = YES;
				IPHONEOS_DEPLOYMENT_TARGET = 9.0;
				MTL_ENABLE_DEBUG_INFO = YES;
				ONLY_ACTIVE_ARCH = YES;
				SDKROOT = iphoneos;
			};
			name = Debug;
		};
		18A7652F1BC2918800C64420 /* Release */ = {
			isa = XCBuildConfiguration;
			buildSettings = {
				ALWAYS_SEARCH_USER_PATHS = NO;
				CLANG_CXX_LANGUAGE_STANDARD = "gnu++0x";
				CLANG_CXX_LIBRARY = "libc++";
				CLANG_ENABLE_MODULES = YES;
				CLANG_ENABLE_OBJC_ARC = YES;
				CLANG_WARN_BOOL_CONVERSION = YES;
				CLANG_WARN_CONSTANT_CONVERSION = YES;
				CLANG_WARN_DIRECT_OBJC_ISA_USAGE = YES_ERROR;
				CLANG_WARN_EMPTY_BODY = YES;
				CLANG_WARN_ENUM_CONVERSION = YES;
				CLANG_WARN_INT_CONVERSION = YES;
				CLANG_WARN_OBJC_ROOT_CLASS = YES_ERROR;
				CLANG_WARN_UNREACHABLE_CODE = YES;
				CLANG_WARN__DUPLICATE_METHOD_MATCH = YES;
				"CODE_SIGN_IDENTITY[sdk=iphoneos*]" = "iPhone Developer";
				COPY_PHASE_STRIP = NO;
				DEBUG_INFORMATION_FORMAT = "dwarf-with-dsym";
				ENABLE_NS_ASSERTIONS = NO;
				ENABLE_STRICT_OBJC_MSGSEND = YES;
				GCC_C_LANGUAGE_STANDARD = gnu99;
				GCC_NO_COMMON_BLOCKS = YES;
				GCC_WARN_64_TO_32_BIT_CONVERSION = YES;
				GCC_WARN_ABOUT_RETURN_TYPE = YES_ERROR;
				GCC_WARN_UNDECLARED_SELECTOR = YES;
				GCC_WARN_UNINITIALIZED_AUTOS = YES_AGGRESSIVE;
				GCC_WARN_UNUSED_FUNCTION = YES;
				GCC_WARN_UNUSED_VARIABLE = YES;
				IPHONEOS_DEPLOYMENT_TARGET = 9.0;
				MTL_ENABLE_DEBUG_INFO = NO;
				SDKROOT = iphoneos;
				VALIDATE_PRODUCT = YES;
			};
			name = Release;
		};
		18A765311BC2918800C64420 /* Debug */ = {
			isa = XCBuildConfiguration;
			buildSettings = {
				ASSETCATALOG_COMPILER_APPICON_NAME = AppIcon;
				INFOPLIST_FILE = "屏幕适配/Info.plist";
				LD_RUNPATH_SEARCH_PATHS = "$(inherited) @executable_path/Frameworks";
				PRODUCT_BUNDLE_IDENTIFIER = "daojiao.com.----";
				PRODUCT_NAME = "$(TARGET_NAME)";
			};
			name = Debug;
		};
		18A765321BC2918800C64420 /* Release */ = {
			isa = XCBuildConfiguration;
			buildSettings = {
				ASSETCATALOG_COMPILER_APPICON_NAME = AppIcon;
				INFOPLIST_FILE = "屏幕适配/Info.plist";
				LD_RUNPATH_SEARCH_PATHS = "$(inherited) @executable_path/Frameworks";
				PRODUCT_BUNDLE_IDENTIFIER = "daojiao.com.----";
				PRODUCT_NAME = "$(TARGET_NAME)";
			};
			name = Release;
		};
		18A765341BC2918800C64420 /* Debug */ = {
			isa = XCBuildConfiguration;
			buildSettings = {
				BUNDLE_LOADER = "$(TEST_HOST)";
				INFOPLIST_FILE = "屏幕适配Tests/Info.plist";
				LD_RUNPATH_SEARCH_PATHS = "$(inherited) @executable_path/Frameworks @loader_path/Frameworks";
				PRODUCT_BUNDLE_IDENTIFIER = "daojiao.com.----Tests";
				PRODUCT_NAME = "$(TARGET_NAME)";
				TEST_HOST = "$(BUILT_PRODUCTS_DIR)/屏幕适配.app/屏幕适配";
			};
			name = Debug;
		};
		18A765351BC2918800C64420 /* Release */ = {
			isa = XCBuildConfiguration;
			buildSettings = {
				BUNDLE_LOADER = "$(TEST_HOST)";
				INFOPLIST_FILE = "屏幕适配Tests/Info.plist";
				LD_RUNPATH_SEARCH_PATHS = "$(inherited) @executable_path/Frameworks @loader_path/Frameworks";
				PRODUCT_BUNDLE_IDENTIFIER = "daojiao.com.----Tests";
				PRODUCT_NAME = "$(TARGET_NAME)";
				TEST_HOST = "$(BUILT_PRODUCTS_DIR)/屏幕适配.app/屏幕适配";
			};
			name = Release;
		};
		18A765371BC2918800C64420 /* Debug */ = {
			isa = XCBuildConfiguration;
			buildSettings = {
				INFOPLIST_FILE = "屏幕适配UITests/Info.plist";
				LD_RUNPATH_SEARCH_PATHS = "$(inherited) @executable_path/Frameworks @loader_path/Frameworks";
				PRODUCT_BUNDLE_IDENTIFIER = "daojiao.com.----UITests";
				PRODUCT_NAME = "$(TARGET_NAME)";
				TEST_TARGET_NAME = "屏幕适配";
				USES_XCTRUNNER = YES;
			};
			name = Debug;
		};
		18A765381BC2918800C64420 /* Release */ = {
			isa = XCBuildConfiguration;
			buildSettings = {
				INFOPLIST_FILE = "屏幕适配UITests/Info.plist";
				LD_RUNPATH_SEARCH_PATHS = "$(inherited) @executable_path/Frameworks @loader_path/Frameworks";
				PRODUCT_BUNDLE_IDENTIFIER = "daojiao.com.----UITests";
				PRODUCT_NAME = "$(TARGET_NAME)";
				TEST_TARGET_NAME = "屏幕适配";
				USES_XCTRUNNER = YES;
			};
			name = Release;
		};
/* End XCBuildConfiguration section */

/* Begin XCConfigurationList section */
		18A764FE1BC2918800C64420 /* Build configuration list for PBXProject "屏幕适配" */ = {
			isa = XCConfigurationList;
			buildConfigurations = (
				18A7652E1BC2918800C64420 /* Debug */,
				18A7652F1BC2918800C64420 /* Release */,
			);
			defaultConfigurationIsVisible = 0;
			defaultConfigurationName = Release;
		};
		18A765301BC2918800C64420 /* Build configuration list for PBXNativeTarget "屏幕适配" */ = {
			isa = XCConfigurationList;
			buildConfigurations = (
				18A765311BC2918800C64420 /* Debug */,
				18A765321BC2918800C64420 /* Release */,
			);
			defaultConfigurationIsVisible = 0;
		};
		18A765331BC2918800C64420 /* Build configuration list for PBXNativeTarget "屏幕适配Tests" */ = {
			isa = XCConfigurationList;
			buildConfigurations = (
				18A765341BC2918800C64420 /* Debug */,
				18A765351BC2918800C64420 /* Release */,
			);
			defaultConfigurationIsVisible = 0;
		};
		18A765361BC2918800C64420 /* Build configuration list for PBXNativeTarget "屏幕适配UITests" */ = {
			isa = XCConfigurationList;
			buildConfigurations = (
				18A765371BC2918800C64420 /* Debug */,
				18A765381BC2918800C64420 /* Release */,
			);
			defaultConfigurationIsVisible = 0;
		};
/* End XCConfigurationList section */
	};
	rootObject = 18A764FB1BC2918800C64420 /* Project object */;
}
