// !$*UTF8*$!
{
	archiveVersion = 1;
	classes = {
	};
	objectVersion = 46;
	objects = {

/* Begin PBXBuildFile section */
		18525B241BC630C8004C73D7 /* main.m in Sources */ = {isa = PBXBuildFile; fileRef = 18525B231BC630C8004C73D7 /* main.m */; };
		18525B2C1BC630E3004C73D7 /* Person.m in Sources */ = {isa = PBXBuildFile; fileRef = 18525B2B1BC630E3004C73D7 /* Person.m */; settings = {ASSET_TAGS = (); }; };
/* End PBXBuildFile section */

/* Begin PBXCopyFilesBuildPhase section */
		18525B1E1BC630C8004C73D7 /* CopyFiles */ = {
			isa = PBXCopyFilesBuildPhase;
			buildActionMask = 2147483647;
			dstPath = /usr/share/man/man1/;
			dstSubfolderSpec = 0;
			files = (
			);
			runOnlyForDeploymentPostprocessing = 1;
		};
/* End PBXCopyFilesBuildPhase section */

/* Begin PBXFileReference section */
		18525B201BC630C8004C73D7 /* 类的扩展 */ = {isa = PBXFileReference; explicitFileType = "compiled.mach-o.executable"; includeInIndex = 0; path = "类的扩展"; sourceTree = BUILT_PRODUCTS_DIR; };
		18525B231BC630C8004C73D7 /* main.m */ = {isa = PBXFileReference; lastKnownFileType = sourcecode.c.objc; path = main.m; sourceTree = "<group>"; };
		18525B2A1BC630E3004C73D7 /* Person.h */ = {isa = PBXFileReference; fileEncoding = 4; lastKnownFileType = sourcecode.c.h; path = Person.h; sourceTree = "<group>"; };
		18525B2B1BC630E3004C73D7 /* Person.m */ = {isa = PBXFileReference; fileEncoding = 4; lastKnownFileType = sourcecode.c.objc; path = Person.m; sourceTree = "<group>"; };
/* End PBXFileReference section */

/* Begin PBXFrameworksBuildPhase section */
		18525B1D1BC630C8004C73D7 /* Frameworks */ = {
			isa = PBXFrameworksBuildPhase;
			buildActionMask = 2147483647;
			files = (
			);
			runOnlyForDeploymentPostprocessing = 0;
		};
/* End PBXFrameworksBuildPhase section */

/* Begin PBXGroup section */
		18525B171BC630C8004C73D7 = {
			isa = PBXGroup;
			children = (
				18525B221BC630C8004C73D7 /* 类的扩展 */,
				18525B211BC630C8004C73D7 /* Products */,
			);
			sourceTree = "<group>";
		};
		18525B211BC630C8004C73D7 /* Products */ = {
			isa = PBXGroup;
			children = (
				18525B201BC630C8004C73D7 /* 类的扩展 */,
			);
			name = Products;
			sourceTree = "<group>";
		};
		18525B221BC630C8004C73D7 /* 类的扩展 */ = {
			isa = PBXGroup;
			children = (
				18525B231BC630C8004C73D7 /* main.m */,
				18525B2A1BC630E3004C73D7 /* Person.h */,
				18525B2B1BC630E3004C73D7 /* Person.m */,
			);
			path = "类的扩展";
			sourceTree = "<group>";
		};
/* End PBXGroup section */

/* Begin PBXNativeTarget section */
		18525B1F1BC630C8004C73D7 /* 类的扩展 */ = {
			isa = PBXNativeTarget;
			buildConfigurationList = 18525B271BC630C8004C73D7 /* Build configuration list for PBXNativeTarget "类的扩展" */;
			buildPhases = (
				18525B1C1BC630C8004C73D7 /* Sources */,
				18525B1D1BC630C8004C73D7 /* Frameworks */,
				18525B1E1BC630C8004C73D7 /* CopyFiles */,
			);
			buildRules = (
			);
			dependencies = (
			);
			name = "类的扩展";
			productName = "类的扩展";
			productReference = 18525B201BC630C8004C73D7 /* 类的扩展 */;
			productType = "com.apple.product-type.tool";
		};
/* End PBXNativeTarget section */

/* Begin PBXProject section */
		18525B181BC630C8004C73D7 /* Project object */ = {
			isa = PBXProject;
			attributes = {
				LastUpgradeCheck = 0700;
				ORGANIZATIONNAME = DF;
				TargetAttributes = {
					18525B1F1BC630C8004C73D7 = {
						CreatedOnToolsVersion = 7.0.1;
					};
				};
			};
			buildConfigurationList = 18525B1B1BC630C8004C73D7 /* Build configuration list for PBXProject "类的扩展" */;
			compatibilityVersion = "Xcode 3.2";
			developmentRegion = English;
			hasScannedForEncodings = 0;
			knownRegions = (
				en,
			);
			mainGroup = 18525B171BC630C8004C73D7;
			productRefGroup = 18525B211BC630C8004C73D7 /* Products */;
			projectDirPath = "";
			projectRoot = "";
			targets = (
				18525B1F1BC630C8004C73D7 /* 类的扩展 */,
			);
		};
/* End PBXProject section */

/* Begin PBXSourcesBuildPhase section */
		18525B1C1BC630C8004C73D7 /* Sources */ = {
			isa = PBXSourcesBuildPhase;
			buildActionMask = 2147483647;
			files = (
				18525B2C1BC630E3004C73D7 /* Person.m in Sources */,
				18525B241BC630C8004C73D7 /* main.m in Sources */,
			);
			runOnlyForDeploymentPostprocessing = 0;
		};
/* End PBXSourcesBuildPhase section */

/* Begin XCBuildConfiguration section */
		18525B251BC630C8004C73D7 /* Debug */ = {
			isa = XCBuildConfiguration;
			buildSettings = {
				ALWAYS_SEARCH_USER_PATHS = NO;
				CLANG_CXX_LANGUAGE_STANDARD = "gnu++0x";
				CLANG_CXX_LIBRARY = "libc++";
				CLANG_ENABLE_MODULES = YES;
				CLANG_ENABLE_OBJC_ARC = YES;
				CLANG_WARN_BOOL_CONVERSION = YES;
				CLANG_WARN_CONSTANT_CONVERSION = YES;
				CLANG_WARN_DIRECT_OBJC_ISA_USAGE = YES_ERROR;
				CLANG_WARN_EMPTY_BODY = YES;
				CLANG_WARN_ENUM_CONVERSION = YES;
				CLANG_WARN_INT_CONVERSION = YES;
				CLANG_WARN_OBJC_ROOT_CLASS = YES_ERROR;
				CLANG_WARN_UNREACHABLE_CODE = YES;
				CLANG_WARN__DUPLICATE_METHOD_MATCH = YES;
				COPY_PHASE_STRIP = NO;
				DEBUG_INFORMATION_FORMAT = dwarf;
				ENABLE_STRICT_OBJC_MSGSEND = YES;
				ENABLE_TESTABILITY = YES;
				GCC_C_LANGUAGE_STANDARD = gnu99;
				GCC_DYNAMIC_NO_PIC = NO;
				GCC_NO_COMMON_BLOCKS = YES;
				GCC_OPTIMIZATION_LEVEL = 0;
				GCC_PREPROCESSOR_DEFINITIONS = (
					"DEBUG=1",
					"$(inherited)",
				);
				GCC_WARN_64_TO_32_BIT_CONVERSION = YES;
				GCC_WARN_ABOUT_RETURN_TYPE = YES_ERROR;
				GCC_WARN_UNDECLARED_SELECTOR = YES;
				GCC_WARN_UNINITIALIZED_AUTOS = YES_AGGRESSIVE;
				GCC_WARN_UNUSED_FUNCTION = YES;
				GCC_WARN_UNUSED_VARIABLE = YES;
				MACOSX_DEPLOYMENT_TARGET = 10.11;
				MTL_ENABLE_DEBUG_INFO = YES;
				ONLY_ACTIVE_ARCH = YES;
				SDKROOT = macosx;
			};
			name = Debug;
		};
		18525B261BC630C8004C73D7 /* Release */ = {
			isa = XCBuildConfiguration;
			buildSettings = {
				ALWAYS_SEARCH_USER_PATHS = NO;
				CLANG_CXX_LANGUAGE_STANDARD = "gnu++0x";
				CLANG_CXX_LIBRARY = "libc++";
				CLANG_ENABLE_MODULES = YES;
				CLANG_ENABLE_OBJC_ARC = YES;
				CLANG_WARN_BOOL_CONVERSION = YES;
				CLANG_WARN_CONSTANT_CONVERSION = YES;
				CLANG_WARN_DIRECT_OBJC_ISA_USAGE = YES_ERROR;
				CLANG_WARN_EMPTY_BODY = YES;
				CLANG_WARN_ENUM_CONVERSION = YES;
				CLANG_WARN_INT_CONVERSION = YES;
				CLANG_WARN_OBJC_ROOT_CLASS = YES_ERROR;
				CLANG_WARN_UNREACHABLE_CODE = YES;
				CLANG_WARN__DUPLICATE_METHOD_MATCH = YES;
				COPY_PHASE_STRIP = NO;
				DEBUG_INFORMATION_FORMAT = "dwarf-with-dsym";
				ENABLE_NS_ASSERTIONS = NO;
				ENABLE_STRICT_OBJC_MSGSEND = YES;
				GCC_C_LANGUAGE_STANDARD = gnu99;
				GCC_NO_COMMON_BLOCKS = YES;
				GCC_WARN_64_TO_32_BIT_CONVERSION = YES;
				GCC_WARN_ABOUT_RETURN_TYPE = YES_ERROR;
				GCC_WARN_UNDECLARED_SELECTOR = YES;
				GCC_WARN_UNINITIALIZED_AUTOS = YES_AGGRESSIVE;
				GCC_WARN_UNUSED_FUNCTION = YES;
				GCC_WARN_UNUSED_VARIABLE = YES;
				MACOSX_DEPLOYMENT_TARGET = 10.11;
				MTL_ENABLE_DEBUG_INFO = NO;
				SDKROOT = macosx;
			};
			name = Release;
		};
		18525B281BC630C8004C73D7 /* Debug */ = {
			isa = XCBuildConfiguration;
			buildSettings = {
				PRODUCT_NAME = "$(TARGET_NAME)";
			};
			name = Debug;
		};
		18525B291BC630C8004C73D7 /* Release */ = {
			isa = XCBuildConfiguration;
			buildSettings = {
				PRODUCT_NAME = "$(TARGET_NAME)";
			};
			name = Release;
		};
/* End XCBuildConfiguration section */

/* Begin XCConfigurationList section */
		18525B1B1BC630C8004C73D7 /* Build configuration list for PBXProject "类的扩展" */ = {
			isa = XCConfigurationList;
			buildConfigurations = (
				18525B251BC630C8004C73D7 /* Debug */,
				18525B261BC630C8004C73D7 /* Release */,
			);
			defaultConfigurationIsVisible = 0;
			defaultConfigurationName = Release;
		};
		18525B271BC630C8004C73D7 /* Build configuration list for PBXNativeTarget "类的扩展" */ = {
			isa = XCConfigurationList;
			buildConfigurations = (
				18525B281BC630C8004C73D7 /* Debug */,
				18525B291BC630C8004C73D7 /* Release */,
			);
			defaultConfigurationIsVisible = 0;
		};
/* End XCConfigurationList section */
	};
	rootObject = 18525B181BC630C8004C73D7 /* Project object */;
}
